
Microsoft Visual Studio Solution File, Format Version 12.00
# Visual Studio Version 16
VisualStudioVersion = 16.0.29920.165
MinimumVisualStudioVersion = 10.0.40219.1
Project("{9A19103F-16F7-4668-BE54-9A1E7A4F7556}") = "Slideshare.DAL", "Slideshare.DAL\Slideshare.DAL.csproj", "{DBF16805-9991-4FC9-8C8F-D5FDEB676A54}"
EndProject
Project("{9A19103F-16F7-4668-BE54-9A1E7A4F7556}") = "Slideshare.Common", "Slideshare.Common\Slideshare.Common.csproj", "{E1EF2BFB-4A66-4DCA-A7F7-3C6D97CF5AD3}"
EndProject
Project("{9A19103F-16F7-4668-BE54-9A1E7A4F7556}") = "Slideshare.BLL", "Slideshare.BLL\Slideshare.BLL.csproj", "{39040B5F-29CA-49D5-B721-F29DA8C12EE9}"
EndProject
Project("{FAE04EC0-301F-11D3-BF4B-00C04F79EFBC}") = "Slideshare.Web", "Slideshare.Web\Slideshare.Web.csproj", "{55292D44-584A-4D7C-AA3D-1D22ED9ECAC1}"
EndProject
Global
	GlobalSection(SolutionConfigurationPlatforms) = preSolution
		Debug|Any CPU = Debug|Any CPU
		Release|Any CPU = Release|Any CPU
	EndGlobalSection
	GlobalSection(ProjectConfigurationPlatforms) = postSolution
		{DBF16805-9991-4FC9-8C8F-D5FDEB676A54}.Debug|Any CPU.ActiveCfg = Debug|Any CPU
		{DBF16805-9991-4FC9-8C8F-D5FDEB676A54}.Debug|Any CPU.Build.0 = Debug|Any CPU
		{DBF16805-9991-4FC9-8C8F-D5FDEB676A54}.Release|Any CPU.ActiveCfg = Release|Any CPU
		{DBF16805-9991-4FC9-8C8F-D5FDEB676A54}.Release|Any CPU.Build.0 = Release|Any CPU
		{E1EF2BFB-4A66-4DCA-A7F7-3C6D97CF5AD3}.Debug|Any CPU.ActiveCfg = Debug|Any CPU
		{E1EF2BFB-4A66-4DCA-A7F7-3C6D97CF5AD3}.Debug|Any CPU.Build.0 = Debug|Any CPU
		{E1EF2BFB-4A66-4DCA-A7F7-3C6D97CF5AD3}.Release|Any CPU.ActiveCfg = Release|Any CPU
		{E1EF2BFB-4A66-4DCA-A7F7-3C6D97CF5AD3}.Release|Any CPU.Build.0 = Release|Any CPU
		{39040B5F-29CA-49D5-B721-F29DA8C12EE9}.Debug|Any CPU.ActiveCfg = Debug|Any CPU
		{39040B5F-29CA-49D5-B721-F29DA8C12EE9}.Debug|Any CPU.Build.0 = Debug|Any CPU
		{39040B5F-29CA-49D5-B721-F29DA8C12EE9}.Release|Any CPU.ActiveCfg = Release|Any CPU
		{39040B5F-29CA-49D5-B721-F29DA8C12EE9}.Release|Any CPU.Build.0 = Release|Any CPU
		{55292D44-584A-4D7C-AA3D-1D22ED9ECAC1}.Debug|Any CPU.ActiveCfg = Debug|Any CPU
		{55292D44-584A-4D7C-AA3D-1D22ED9ECAC1}.Debug|Any CPU.Build.0 = Debug|Any CPU
		{55292D44-584A-4D7C-AA3D-1D22ED9ECAC1}.Release|Any CPU.ActiveCfg = Release|Any CPU
		{55292D44-584A-4D7C-AA3D-1D22ED9ECAC1}.Release|Any CPU.Build.0 = Release|Any CPU
	EndGlobalSection
	GlobalSection(SolutionProperties) = preSolution
		HideSolutionNode = FALSE
	EndGlobalSection
	GlobalSection(ExtensibilityGlobals) = postSolution
		SolutionGuid = {ACBA84F2-6FA1-406F-9C95-FA61420F86B6}
	EndGlobalSection
EndGlobal
